
Microsoft Visual Studio Solution File, Format Version 12.00
# Visual Studio 2013
VisualStudioVersion = 12.0.21005.1
MinimumVisualStudioVersion = 10.0.40219.1
Project("{FAE04EC0-301F-11D3-BF4B-00C04F79EFBC}") = "Calculator", "Calculator\Calculator.csproj", "{CEC7F927-18AD-49A1-8748-DDD247323363}"
EndProject
Project("{FAE04EC0-301F-11D3-BF4B-00C04F79EFBC}") = "Calculator.Tests", "Calculator.Tests\Calculator.Tests.csproj", "{DFAEFABB-E9F1-487F-8CDA-B38BBA53A2A6}"
EndProject
Global
	GlobalSection(SolutionConfigurationPlatforms) = preSolution
		Debug|Any CPU = Debug|Any CPU
		Release|Any CPU = Release|Any CPU
	EndGlobalSection
	GlobalSection(ProjectConfigurationPlatforms) = postSolution
		{CEC7F927-18AD-49A1-8748-DDD247323363}.Debug|Any CPU.ActiveCfg = Debug|Any CPU
		{CEC7F927-18AD-49A1-8748-DDD247323363}.Debug|Any CPU.Build.0 = Debug|Any CPU
		{CEC7F927-18AD-49A1-8748-DDD247323363}.Release|Any CPU.ActiveCfg = Release|Any CPU
		{CEC7F927-18AD-49A1-8748-DDD247323363}.Release|Any CPU.Build.0 = Release|Any CPU
		{DFAEFABB-E9F1-487F-8CDA-B38BBA53A2A6}.Debug|Any CPU.ActiveCfg = Debug|Any CPU
		{DFAEFABB-E9F1-487F-8CDA-B38BBA53A2A6}.Debug|Any CPU.Build.0 = Debug|Any CPU
		{DFAEFABB-E9F1-487F-8CDA-B38BBA53A2A6}.Release|Any CPU.ActiveCfg = Release|Any CPU
		{DFAEFABB-E9F1-487F-8CDA-B38BBA53A2A6}.Release|Any CPU.Build.0 = Release|Any CPU
	EndGlobalSection
	GlobalSection(SolutionProperties) = preSolution
		HideSolutionNode = FALSE
	EndGlobalSection
EndGlobal
